
Microsoft Visual Studio Solution File, Format Version 12.00
# Visual Studio 15
VisualStudioVersion = 15.0.28010.2046
MinimumVisualStudioVersion = 10.0.40219.1
Project("{8BC9CEB8-8B4A-11D0-8D11-00A0C91BC942}") = "DFS와 BFS", "DFS와 BFS\DFS와 BFS.vcxproj", "{01CED9BB-8AC8-4012-AB01-49BF78BBD7D2}"
EndProject
Global
	GlobalSection(SolutionConfigurationPlatforms) = preSolution
		Debug|x64 = Debug|x64
		Debug|x86 = Debug|x86
		Release|x64 = Release|x64
		Release|x86 = Release|x86
	EndGlobalSection
	GlobalSection(ProjectConfigurationPlatforms) = postSolution
		{01CED9BB-8AC8-4012-AB01-49BF78BBD7D2}.Debug|x64.ActiveCfg = Debug|x64
		{01CED9BB-8AC8-4012-AB01-49BF78BBD7D2}.Debug|x64.Build.0 = Debug|x64
		{01CED9BB-8AC8-4012-AB01-49BF78BBD7D2}.Debug|x86.ActiveCfg = Debug|Win32
		{01CED9BB-8AC8-4012-AB01-49BF78BBD7D2}.Debug|x86.Build.0 = Debug|Win32
		{01CED9BB-8AC8-4012-AB01-49BF78BBD7D2}.Release|x64.ActiveCfg = Release|x64
		{01CED9BB-8AC8-4012-AB01-49BF78BBD7D2}.Release|x64.Build.0 = Release|x64
		{01CED9BB-8AC8-4012-AB01-49BF78BBD7D2}.Release|x86.ActiveCfg = Release|Win32
		{01CED9BB-8AC8-4012-AB01-49BF78BBD7D2}.Release|x86.Build.0 = Release|Win32
	EndGlobalSection
	GlobalSection(SolutionProperties) = preSolution
		HideSolutionNode = FALSE
	EndGlobalSection
	GlobalSection(ExtensibilityGlobals) = postSolution
		SolutionGuid = {3FEE1951-944B-4A30-9C05-091DEEAE94FA}
	EndGlobalSection
EndGlobal
