
Microsoft Visual Studio Solution File, Format Version 12.00
# Visual Studio 15
VisualStudioVersion = 15.0.28010.2046
MinimumVisualStudioVersion = 10.0.40219.1
Project("{8BC9CEB8-8B4A-11D0-8D11-00A0C91BC942}") = "Floyd_Warshall", "Floyd_Warshall\Floyd_Warshall.vcxproj", "{91E42297-F380-4D91-A8BB-ED794E795C2E}"
EndProject
Global
	GlobalSection(SolutionConfigurationPlatforms) = preSolution
		Debug|x64 = Debug|x64
		Debug|x86 = Debug|x86
		Release|x64 = Release|x64
		Release|x86 = Release|x86
	EndGlobalSection
	GlobalSection(ProjectConfigurationPlatforms) = postSolution
		{91E42297-F380-4D91-A8BB-ED794E795C2E}.Debug|x64.ActiveCfg = Debug|x64
		{91E42297-F380-4D91-A8BB-ED794E795C2E}.Debug|x64.Build.0 = Debug|x64
		{91E42297-F380-4D91-A8BB-ED794E795C2E}.Debug|x86.ActiveCfg = Debug|Win32
		{91E42297-F380-4D91-A8BB-ED794E795C2E}.Debug|x86.Build.0 = Debug|Win32
		{91E42297-F380-4D91-A8BB-ED794E795C2E}.Release|x64.ActiveCfg = Release|x64
		{91E42297-F380-4D91-A8BB-ED794E795C2E}.Release|x64.Build.0 = Release|x64
		{91E42297-F380-4D91-A8BB-ED794E795C2E}.Release|x86.ActiveCfg = Release|Win32
		{91E42297-F380-4D91-A8BB-ED794E795C2E}.Release|x86.Build.0 = Release|Win32
	EndGlobalSection
	GlobalSection(SolutionProperties) = preSolution
		HideSolutionNode = FALSE
	EndGlobalSection
	GlobalSection(ExtensibilityGlobals) = postSolution
		SolutionGuid = {2E368459-3D36-4C49-B45A-F4EC77E7A891}
	EndGlobalSection
EndGlobal
